
Microsoft Visual Studio Solution File, Format Version 12.00
# Visual Studio 15
VisualStudioVersion = 15.0.26730.10
MinimumVisualStudioVersion = 10.0.40219.1

Project("{6EC3EE1D-3C4E-46DD-8F32-0CC8E7565705}") = "FabulousBugSample", "FabulousBugSample\FabulousBugSample.fsproj", "{135553FE-F50C-4376-82AA-0E7D7F716754}"
EndProject

Project("{F2A71F9B-5D33-465A-A702-920D77279786}") = "FabulousBugSample.Android", "FabulousBugSample.Android\FabulousBugSample.Android.fsproj", "{D3C8850A-9FBF-49BB-A320-4653E5E36809}"
EndProject


Project("{F2A71F9B-5D33-465A-A702-920D77279786}") = "FabulousBugSample.iOS", "FabulousBugSample.iOS\FabulousBugSample.iOS.fsproj", "{27CE979C-F797-4E85-9F60-A485FC7239EC}"
EndProject




Global
	GlobalSection(SolutionConfigurationPlatforms) = preSolution
		Ad-Hoc|Any CPU = Ad-Hoc|Any CPU
		Ad-Hoc|ARM = Ad-Hoc|ARM
		Ad-Hoc|iPhone = Ad-Hoc|iPhone
		Ad-Hoc|iPhoneSimulator = Ad-Hoc|iPhoneSimulator
		Ad-Hoc|x64 = Ad-Hoc|x64
		Ad-Hoc|x86 = Ad-Hoc|x86
		AppStore|Any CPU = AppStore|Any CPU
		AppStore|ARM = AppStore|ARM
		AppStore|iPhone = AppStore|iPhone
		AppStore|iPhoneSimulator = AppStore|iPhoneSimulator
		AppStore|x64 = AppStore|x64
		AppStore|x86 = AppStore|x86
		Debug|Any CPU = Debug|Any CPU
		Debug|ARM = Debug|ARM
		Debug|iPhone = Debug|iPhone
		Debug|iPhoneSimulator = Debug|iPhoneSimulator
		Debug|x64 = Debug|x64
		Debug|x86 = Debug|x86
		Release|Any CPU = Release|Any CPU
		Release|ARM = Release|ARM
		Release|iPhone = Release|iPhone
		Release|iPhoneSimulator = Release|iPhoneSimulator
		Release|x64 = Release|x64
		Release|x86 = Release|x86
	EndGlobalSection
	GlobalSection(ProjectConfigurationPlatforms) = postSolution
		{135553FE-F50C-4376-82AA-0E7D7F716754}.Ad-Hoc|Any CPU.ActiveCfg = Debug|Any CPU
		{135553FE-F50C-4376-82AA-0E7D7F716754}.Ad-Hoc|Any CPU.Build.0 = Debug|Any CPU
		{135553FE-F50C-4376-82AA-0E7D7F716754}.Ad-Hoc|ARM.ActiveCfg = Debug|Any CPU
		{135553FE-F50C-4376-82AA-0E7D7F716754}.Ad-Hoc|ARM.Build.0 = Debug|Any CPU
		{135553FE-F50C-4376-82AA-0E7D7F716754}.Ad-Hoc|iPhone.ActiveCfg = Debug|Any CPU
		{135553FE-F50C-4376-82AA-0E7D7F716754}.Ad-Hoc|iPhone.Build.0 = Debug|Any CPU
		{135553FE-F50C-4376-82AA-0E7D7F716754}.Ad-Hoc|iPhoneSimulator.ActiveCfg = Debug|Any CPU
		{135553FE-F50C-4376-82AA-0E7D7F716754}.Ad-Hoc|iPhoneSimulator.Build.0 = Debug|Any CPU
		{135553FE-F50C-4376-82AA-0E7D7F716754}.Ad-Hoc|x64.ActiveCfg = Debug|Any CPU
		{135553FE-F50C-4376-82AA-0E7D7F716754}.Ad-Hoc|x64.Build.0 = Debug|Any CPU
		{135553FE-F50C-4376-82AA-0E7D7F716754}.Ad-Hoc|x86.ActiveCfg = Debug|Any CPU
		{135553FE-F50C-4376-82AA-0E7D7F716754}.Ad-Hoc|x86.Build.0 = Debug|Any CPU
		{135553FE-F50C-4376-82AA-0E7D7F716754}.AppStore|Any CPU.ActiveCfg = Debug|Any CPU
		{135553FE-F50C-4376-82AA-0E7D7F716754}.AppStore|Any CPU.Build.0 = Debug|Any CPU
		{135553FE-F50C-4376-82AA-0E7D7F716754}.AppStore|ARM.ActiveCfg = Debug|Any CPU
		{135553FE-F50C-4376-82AA-0E7D7F716754}.AppStore|ARM.Build.0 = Debug|Any CPU
		{135553FE-F50C-4376-82AA-0E7D7F716754}.AppStore|iPhone.ActiveCfg = Debug|Any CPU
		{135553FE-F50C-4376-82AA-0E7D7F716754}.AppStore|iPhone.Build.0 = Debug|Any CPU
		{135553FE-F50C-4376-82AA-0E7D7F716754}.AppStore|iPhoneSimulator.ActiveCfg = Debug|Any CPU
		{135553FE-F50C-4376-82AA-0E7D7F716754}.AppStore|iPhoneSimulator.Build.0 = Debug|Any CPU
		{135553FE-F50C-4376-82AA-0E7D7F716754}.AppStore|x64.ActiveCfg = Debug|Any CPU
		{135553FE-F50C-4376-82AA-0E7D7F716754}.AppStore|x64.Build.0 = Debug|Any CPU
		{135553FE-F50C-4376-82AA-0E7D7F716754}.AppStore|x86.ActiveCfg = Debug|Any CPU
		{135553FE-F50C-4376-82AA-0E7D7F716754}.AppStore|x86.Build.0 = Debug|Any CPU
		{135553FE-F50C-4376-82AA-0E7D7F716754}.Debug|Any CPU.ActiveCfg = Debug|Any CPU
		{135553FE-F50C-4376-82AA-0E7D7F716754}.Debug|Any CPU.Build.0 = Debug|Any CPU
		{135553FE-F50C-4376-82AA-0E7D7F716754}.Debug|ARM.ActiveCfg = Debug|Any CPU
		{135553FE-F50C-4376-82AA-0E7D7F716754}.Debug|ARM.Build.0 = Debug|Any CPU
		{135553FE-F50C-4376-82AA-0E7D7F716754}.Debug|iPhone.ActiveCfg = Debug|Any CPU
		{135553FE-F50C-4376-82AA-0E7D7F716754}.Debug|iPhone.Build.0 = Debug|Any CPU
		{135553FE-F50C-4376-82AA-0E7D7F716754}.Debug|iPhoneSimulator.ActiveCfg = Debug|Any CPU
		{135553FE-F50C-4376-82AA-0E7D7F716754}.Debug|iPhoneSimulator.Build.0 = Debug|Any CPU
		{135553FE-F50C-4376-82AA-0E7D7F716754}.Debug|x64.ActiveCfg = Debug|Any CPU
		{135553FE-F50C-4376-82AA-0E7D7F716754}.Debug|x64.Build.0 = Debug|Any CPU
		{135553FE-F50C-4376-82AA-0E7D7F716754}.Debug|x86.ActiveCfg = Debug|Any CPU
		{135553FE-F50C-4376-82AA-0E7D7F716754}.Debug|x86.Build.0 = Debug|Any CPU
		{135553FE-F50C-4376-82AA-0E7D7F716754}.Release|Any CPU.ActiveCfg = Release|Any CPU
		{135553FE-F50C-4376-82AA-0E7D7F716754}.Release|Any CPU.Build.0 = Release|Any CPU
		{135553FE-F50C-4376-82AA-0E7D7F716754}.Release|ARM.ActiveCfg = Release|Any CPU
		{135553FE-F50C-4376-82AA-0E7D7F716754}.Release|ARM.Build.0 = Release|Any CPU
		{135553FE-F50C-4376-82AA-0E7D7F716754}.Release|iPhone.ActiveCfg = Release|Any CPU
		{135553FE-F50C-4376-82AA-0E7D7F716754}.Release|iPhone.Build.0 = Release|Any CPU
		{135553FE-F50C-4376-82AA-0E7D7F716754}.Release|iPhoneSimulator.ActiveCfg = Release|Any CPU
		{135553FE-F50C-4376-82AA-0E7D7F716754}.Release|iPhoneSimulator.Build.0 = Release|Any CPU
		{135553FE-F50C-4376-82AA-0E7D7F716754}.Release|x64.ActiveCfg = Release|Any CPU
		{135553FE-F50C-4376-82AA-0E7D7F716754}.Release|x64.Build.0 = Release|Any CPU
		{135553FE-F50C-4376-82AA-0E7D7F716754}.Release|x86.ActiveCfg = Release|Any CPU
		{135553FE-F50C-4376-82AA-0E7D7F716754}.Release|x86.Build.0 = Release|Any CPU
		{27CE979C-F797-4E85-9F60-A485FC7239EC}.Ad-Hoc|Any CPU.ActiveCfg = Ad-Hoc|iPhone
		{27CE979C-F797-4E85-9F60-A485FC7239EC}.Ad-Hoc|ARM.ActiveCfg = Ad-Hoc|iPhone
		{27CE979C-F797-4E85-9F60-A485FC7239EC}.Ad-Hoc|iPhone.ActiveCfg = Ad-Hoc|iPhone
		{27CE979C-F797-4E85-9F60-A485FC7239EC}.Ad-Hoc|iPhone.Build.0 = Ad-Hoc|iPhone
		{27CE979C-F797-4E85-9F60-A485FC7239EC}.Ad-Hoc|iPhoneSimulator.ActiveCfg = Ad-Hoc|iPhoneSimulator
		{27CE979C-F797-4E85-9F60-A485FC7239EC}.Ad-Hoc|iPhoneSimulator.Build.0 = Ad-Hoc|iPhoneSimulator
		{27CE979C-F797-4E85-9F60-A485FC7239EC}.Ad-Hoc|x64.ActiveCfg = Ad-Hoc|iPhone
		{27CE979C-F797-4E85-9F60-A485FC7239EC}.Ad-Hoc|x86.ActiveCfg = Ad-Hoc|iPhone
		{27CE979C-F797-4E85-9F60-A485FC7239EC}.AppStore|Any CPU.ActiveCfg = AppStore|iPhone
		{27CE979C-F797-4E85-9F60-A485FC7239EC}.AppStore|ARM.ActiveCfg = AppStore|iPhone
		{27CE979C-F797-4E85-9F60-A485FC7239EC}.AppStore|iPhone.ActiveCfg = AppStore|iPhone
		{27CE979C-F797-4E85-9F60-A485FC7239EC}.AppStore|iPhone.Build.0 = AppStore|iPhone
		{27CE979C-F797-4E85-9F60-A485FC7239EC}.AppStore|iPhoneSimulator.ActiveCfg = AppStore|iPhoneSimulator
		{27CE979C-F797-4E85-9F60-A485FC7239EC}.AppStore|iPhoneSimulator.Build.0 = AppStore|iPhoneSimulator
		{27CE979C-F797-4E85-9F60-A485FC7239EC}.AppStore|x64.ActiveCfg = AppStore|iPhone
		{27CE979C-F797-4E85-9F60-A485FC7239EC}.AppStore|x86.ActiveCfg = AppStore|iPhone
		{27CE979C-F797-4E85-9F60-A485FC7239EC}.Debug|Any CPU.ActiveCfg = Debug|iPhone
		{27CE979C-F797-4E85-9F60-A485FC7239EC}.Debug|ARM.ActiveCfg = Debug|iPhone
		{27CE979C-F797-4E85-9F60-A485FC7239EC}.Debug|iPhone.ActiveCfg = Debug|iPhone
		{27CE979C-F797-4E85-9F60-A485FC7239EC}.Debug|iPhone.Build.0 = Debug|iPhone
		{27CE979C-F797-4E85-9F60-A485FC7239EC}.Debug|iPhoneSimulator.ActiveCfg = Debug|iPhoneSimulator
		{27CE979C-F797-4E85-9F60-A485FC7239EC}.Debug|iPhoneSimulator.Build.0 = Debug|iPhoneSimulator
		{27CE979C-F797-4E85-9F60-A485FC7239EC}.Debug|x64.ActiveCfg = Debug|iPhone
		{27CE979C-F797-4E85-9F60-A485FC7239EC}.Debug|x86.ActiveCfg = Debug|iPhone
		{27CE979C-F797-4E85-9F60-A485FC7239EC}.Release|Any CPU.ActiveCfg = Release|iPhone
		{27CE979C-F797-4E85-9F60-A485FC7239EC}.Release|ARM.ActiveCfg = Release|iPhone
		{27CE979C-F797-4E85-9F60-A485FC7239EC}.Release|iPhone.ActiveCfg = Release|iPhone
		{27CE979C-F797-4E85-9F60-A485FC7239EC}.Release|iPhone.Build.0 = Release|iPhone
		{27CE979C-F797-4E85-9F60-A485FC7239EC}.Release|iPhoneSimulator.ActiveCfg = Release|iPhoneSimulator
		{27CE979C-F797-4E85-9F60-A485FC7239EC}.Release|iPhoneSimulator.Build.0 = Release|iPhoneSimulator
		{27CE979C-F797-4E85-9F60-A485FC7239EC}.Release|x64.ActiveCfg = Release|iPhone
		{27CE979C-F797-4E85-9F60-A485FC7239EC}.Release|x86.ActiveCfg = Release|iPhone
		{999461B3-A089-4721-80E2-E7CF22F4A0EA}.Ad-Hoc|Any CPU.ActiveCfg = Release|x86
		{999461B3-A089-4721-80E2-E7CF22F4A0EA}.Ad-Hoc|Any CPU.Build.0 = Release|x86
		{999461B3-A089-4721-80E2-E7CF22F4A0EA}.Ad-Hoc|Any CPU.Deploy.0 = Release|x86
		{999461B3-A089-4721-80E2-E7CF22F4A0EA}.Ad-Hoc|ARM.ActiveCfg = Release|ARM
		{999461B3-A089-4721-80E2-E7CF22F4A0EA}.Ad-Hoc|ARM.Build.0 = Release|ARM
		{999461B3-A089-4721-80E2-E7CF22F4A0EA}.Ad-Hoc|ARM.Deploy.0 = Release|ARM
		{999461B3-A089-4721-80E2-E7CF22F4A0EA}.Ad-Hoc|iPhone.ActiveCfg = Release|x86
		{999461B3-A089-4721-80E2-E7CF22F4A0EA}.Ad-Hoc|iPhone.Build.0 = Release|x86
		{999461B3-A089-4721-80E2-E7CF22F4A0EA}.Ad-Hoc|iPhone.Deploy.0 = Release|x86
		{999461B3-A089-4721-80E2-E7CF22F4A0EA}.Ad-Hoc|iPhoneSimulator.ActiveCfg = Release|x86
		{999461B3-A089-4721-80E2-E7CF22F4A0EA}.Ad-Hoc|iPhoneSimulator.Build.0 = Release|x86
		{999461B3-A089-4721-80E2-E7CF22F4A0EA}.Ad-Hoc|iPhoneSimulator.Deploy.0 = Release|x86
		{999461B3-A089-4721-80E2-E7CF22F4A0EA}.Ad-Hoc|x64.ActiveCfg = Release|x64
		{999461B3-A089-4721-80E2-E7CF22F4A0EA}.Ad-Hoc|x64.Build.0 = Release|x64
		{999461B3-A089-4721-80E2-E7CF22F4A0EA}.Ad-Hoc|x64.Deploy.0 = Release|x64
		{999461B3-A089-4721-80E2-E7CF22F4A0EA}.Ad-Hoc|x86.ActiveCfg = Release|x86
		{999461B3-A089-4721-80E2-E7CF22F4A0EA}.Ad-Hoc|x86.Build.0 = Release|x86
		{999461B3-A089-4721-80E2-E7CF22F4A0EA}.Ad-Hoc|x86.Deploy.0 = Release|x86
		{999461B3-A089-4721-80E2-E7CF22F4A0EA}.AppStore|Any CPU.ActiveCfg = Release|x86
		{999461B3-A089-4721-80E2-E7CF22F4A0EA}.AppStore|Any CPU.Build.0 = Release|x86
		{999461B3-A089-4721-80E2-E7CF22F4A0EA}.AppStore|Any CPU.Deploy.0 = Release|x86
		{999461B3-A089-4721-80E2-E7CF22F4A0EA}.AppStore|ARM.ActiveCfg = Release|ARM
		{999461B3-A089-4721-80E2-E7CF22F4A0EA}.AppStore|ARM.Build.0 = Release|ARM
		{999461B3-A089-4721-80E2-E7CF22F4A0EA}.AppStore|ARM.Deploy.0 = Release|ARM
		{999461B3-A089-4721-80E2-E7CF22F4A0EA}.AppStore|iPhone.ActiveCfg = Release|x86
		{999461B3-A089-4721-80E2-E7CF22F4A0EA}.AppStore|iPhone.Build.0 = Release|x86
		{999461B3-A089-4721-80E2-E7CF22F4A0EA}.AppStore|iPhone.Deploy.0 = Release|x86
		{999461B3-A089-4721-80E2-E7CF22F4A0EA}.AppStore|iPhoneSimulator.ActiveCfg = Release|x86
		{999461B3-A089-4721-80E2-E7CF22F4A0EA}.AppStore|iPhoneSimulator.Build.0 = Release|x86
		{999461B3-A089-4721-80E2-E7CF22F4A0EA}.AppStore|iPhoneSimulator.Deploy.0 = Release|x86
		{999461B3-A089-4721-80E2-E7CF22F4A0EA}.AppStore|x64.ActiveCfg = Release|x64
		{999461B3-A089-4721-80E2-E7CF22F4A0EA}.AppStore|x64.Build.0 = Release|x64
		{999461B3-A089-4721-80E2-E7CF22F4A0EA}.AppStore|x64.Deploy.0 = Release|x64
		{999461B3-A089-4721-80E2-E7CF22F4A0EA}.AppStore|x86.ActiveCfg = Release|x86
		{999461B3-A089-4721-80E2-E7CF22F4A0EA}.AppStore|x86.Build.0 = Release|x86
		{999461B3-A089-4721-80E2-E7CF22F4A0EA}.AppStore|x86.Deploy.0 = Release|x86
		{999461B3-A089-4721-80E2-E7CF22F4A0EA}.Debug|Any CPU.ActiveCfg = Debug|x86
		{999461B3-A089-4721-80E2-E7CF22F4A0EA}.Debug|ARM.ActiveCfg = Debug|ARM
		{999461B3-A089-4721-80E2-E7CF22F4A0EA}.Debug|ARM.Build.0 = Debug|ARM
		{999461B3-A089-4721-80E2-E7CF22F4A0EA}.Debug|ARM.Deploy.0 = Debug|ARM
		{999461B3-A089-4721-80E2-E7CF22F4A0EA}.Debug|iPhone.ActiveCfg = Debug|x86
		{999461B3-A089-4721-80E2-E7CF22F4A0EA}.Debug|iPhoneSimulator.ActiveCfg = Debug|x86
		{999461B3-A089-4721-80E2-E7CF22F4A0EA}.Debug|x64.ActiveCfg = Debug|x64
		{999461B3-A089-4721-80E2-E7CF22F4A0EA}.Debug|x64.Build.0 = Debug|x64
		{999461B3-A089-4721-80E2-E7CF22F4A0EA}.Debug|x64.Deploy.0 = Debug|x64
		{999461B3-A089-4721-80E2-E7CF22F4A0EA}.Debug|x86.ActiveCfg = Debug|x86
		{999461B3-A089-4721-80E2-E7CF22F4A0EA}.Debug|x86.Build.0 = Debug|x86
		{999461B3-A089-4721-80E2-E7CF22F4A0EA}.Debug|x86.Deploy.0 = Debug|x86
		{999461B3-A089-4721-80E2-E7CF22F4A0EA}.Release|Any CPU.ActiveCfg = Release|x86
		{999461B3-A089-4721-80E2-E7CF22F4A0EA}.Release|ARM.ActiveCfg = Release|ARM
		{999461B3-A089-4721-80E2-E7CF22F4A0EA}.Release|ARM.Build.0 = Release|ARM
		{999461B3-A089-4721-80E2-E7CF22F4A0EA}.Release|ARM.Deploy.0 = Release|ARM
		{999461B3-A089-4721-80E2-E7CF22F4A0EA}.Release|iPhone.ActiveCfg = Release|x86
		{999461B3-A089-4721-80E2-E7CF22F4A0EA}.Release|iPhoneSimulator.ActiveCfg = Release|x86
		{999461B3-A089-4721-80E2-E7CF22F4A0EA}.Release|x64.ActiveCfg = Release|x64
		{999461B3-A089-4721-80E2-E7CF22F4A0EA}.Release|x64.Build.0 = Release|x64
		{999461B3-A089-4721-80E2-E7CF22F4A0EA}.Release|x64.Deploy.0 = Release|x64
		{999461B3-A089-4721-80E2-E7CF22F4A0EA}.Release|x86.ActiveCfg = Release|x86
		{999461B3-A089-4721-80E2-E7CF22F4A0EA}.Release|x86.Build.0 = Release|x86
		{999461B3-A089-4721-80E2-E7CF22F4A0EA}.Release|x86.Deploy.0 = Release|x86
		{D06A90E6-6B03-4E87-BEC2-458BE387719A}.Ad-Hoc|Any CPU.ActiveCfg = Release|Any CPU
		{D06A90E6-6B03-4E87-BEC2-458BE387719A}.Ad-Hoc|Any CPU.Build.0 = Release|Any CPU
		{D06A90E6-6B03-4E87-BEC2-458BE387719A}.Ad-Hoc|ARM.ActiveCfg = Release|Any CPU
		{D06A90E6-6B03-4E87-BEC2-458BE387719A}.Ad-Hoc|ARM.Build.0 = Release|Any CPU
		{D06A90E6-6B03-4E87-BEC2-458BE387719A}.Ad-Hoc|iPhone.ActiveCfg = Release|Any CPU
		{D06A90E6-6B03-4E87-BEC2-458BE387719A}.Ad-Hoc|iPhone.Build.0 = Release|Any CPU
		{D06A90E6-6B03-4E87-BEC2-458BE387719A}.Ad-Hoc|iPhoneSimulator.ActiveCfg = Release|Any CPU
		{D06A90E6-6B03-4E87-BEC2-458BE387719A}.Ad-Hoc|iPhoneSimulator.Build.0 = Release|Any CPU
		{D06A90E6-6B03-4E87-BEC2-458BE387719A}.Ad-Hoc|x64.ActiveCfg = Release|Any CPU
		{D06A90E6-6B03-4E87-BEC2-458BE387719A}.Ad-Hoc|x64.Build.0 = Release|Any CPU
		{D06A90E6-6B03-4E87-BEC2-458BE387719A}.Ad-Hoc|x86.ActiveCfg = Release|Any CPU
		{D06A90E6-6B03-4E87-BEC2-458BE387719A}.Ad-Hoc|x86.Build.0 = Release|Any CPU
		{D06A90E6-6B03-4E87-BEC2-458BE387719A}.AppStore|Any CPU.ActiveCfg = Release|Any CPU
		{D06A90E6-6B03-4E87-BEC2-458BE387719A}.AppStore|Any CPU.Build.0 = Release|Any CPU
		{D06A90E6-6B03-4E87-BEC2-458BE387719A}.AppStore|ARM.ActiveCfg = Release|Any CPU
		{D06A90E6-6B03-4E87-BEC2-458BE387719A}.AppStore|ARM.Build.0 = Release|Any CPU
		{D06A90E6-6B03-4E87-BEC2-458BE387719A}.AppStore|iPhone.ActiveCfg = Release|Any CPU
		{D06A90E6-6B03-4E87-BEC2-458BE387719A}.AppStore|iPhone.Build.0 = Release|Any CPU
		{D06A90E6-6B03-4E87-BEC2-458BE387719A}.AppStore|iPhoneSimulator.ActiveCfg = Release|Any CPU
		{D06A90E6-6B03-4E87-BEC2-458BE387719A}.AppStore|iPhoneSimulator.Build.0 = Release|Any CPU
		{D06A90E6-6B03-4E87-BEC2-458BE387719A}.AppStore|x64.ActiveCfg = Release|Any CPU
		{D06A90E6-6B03-4E87-BEC2-458BE387719A}.AppStore|x64.Build.0 = Release|Any CPU
		{D06A90E6-6B03-4E87-BEC2-458BE387719A}.AppStore|x86.ActiveCfg = Release|Any CPU
		{D06A90E6-6B03-4E87-BEC2-458BE387719A}.AppStore|x86.Build.0 = Release|Any CPU
		{D06A90E6-6B03-4E87-BEC2-458BE387719A}.Debug|Any CPU.ActiveCfg = Debug|Any CPU
		{D06A90E6-6B03-4E87-BEC2-458BE387719A}.Debug|Any CPU.Build.0 = Debug|Any CPU
		{D06A90E6-6B03-4E87-BEC2-458BE387719A}.Debug|ARM.ActiveCfg = Debug|Any CPU
		{D06A90E6-6B03-4E87-BEC2-458BE387719A}.Debug|ARM.Build.0 = Debug|Any CPU
		{D06A90E6-6B03-4E87-BEC2-458BE387719A}.Debug|iPhone.ActiveCfg = Debug|Any CPU
		{D06A90E6-6B03-4E87-BEC2-458BE387719A}.Debug|iPhone.Build.0 = Debug|Any CPU
		{D06A90E6-6B03-4E87-BEC2-458BE387719A}.Debug|iPhoneSimulator.ActiveCfg = Debug|Any CPU
		{D06A90E6-6B03-4E87-BEC2-458BE387719A}.Debug|iPhoneSimulator.Build.0 = Debug|Any CPU
		{D06A90E6-6B03-4E87-BEC2-458BE387719A}.Debug|x64.ActiveCfg = Debug|Any CPU
		{D06A90E6-6B03-4E87-BEC2-458BE387719A}.Debug|x64.Build.0 = Debug|Any CPU
		{D06A90E6-6B03-4E87-BEC2-458BE387719A}.Debug|x86.ActiveCfg = Debug|Any CPU
		{D06A90E6-6B03-4E87-BEC2-458BE387719A}.Debug|x86.Build.0 = Debug|Any CPU
		{D06A90E6-6B03-4E87-BEC2-458BE387719A}.Release|Any CPU.ActiveCfg = Release|Any CPU
		{D06A90E6-6B03-4E87-BEC2-458BE387719A}.Release|Any CPU.Build.0 = Release|Any CPU
		{D06A90E6-6B03-4E87-BEC2-458BE387719A}.Release|ARM.ActiveCfg = Release|Any CPU
		{D06A90E6-6B03-4E87-BEC2-458BE387719A}.Release|ARM.Build.0 = Release|Any CPU
		{D06A90E6-6B03-4E87-BEC2-458BE387719A}.Release|iPhone.ActiveCfg = Release|Any CPU
		{D06A90E6-6B03-4E87-BEC2-458BE387719A}.Release|iPhone.Build.0 = Release|Any CPU
		{D06A90E6-6B03-4E87-BEC2-458BE387719A}.Release|iPhoneSimulator.ActiveCfg = Release|Any CPU
		{D06A90E6-6B03-4E87-BEC2-458BE387719A}.Release|iPhoneSimulator.Build.0 = Release|Any CPU
		{D06A90E6-6B03-4E87-BEC2-458BE387719A}.Release|x64.ActiveCfg = Release|Any CPU
		{D06A90E6-6B03-4E87-BEC2-458BE387719A}.Release|x64.Build.0 = Release|Any CPU
		{D06A90E6-6B03-4E87-BEC2-458BE387719A}.Release|x86.ActiveCfg = Release|Any CPU
		{D06A90E6-6B03-4E87-BEC2-458BE387719A}.Release|x86.Build.0 = Release|Any CPU
		{E25F784B-60A3-4F6B-9199-EE64ED6EE370}.Ad-Hoc|Any CPU.ActiveCfg = Release|Any CPU
		{E25F784B-60A3-4F6B-9199-EE64ED6EE370}.Ad-Hoc|Any CPU.Build.0 = Release|Any CPU
		{E25F784B-60A3-4F6B-9199-EE64ED6EE370}.Ad-Hoc|ARM.ActiveCfg = Release|Any CPU
		{E25F784B-60A3-4F6B-9199-EE64ED6EE370}.Ad-Hoc|ARM.Build.0 = Release|Any CPU
		{E25F784B-60A3-4F6B-9199-EE64ED6EE370}.Ad-Hoc|iPhone.ActiveCfg = Release|Any CPU
		{E25F784B-60A3-4F6B-9199-EE64ED6EE370}.Ad-Hoc|iPhone.Build.0 = Release|Any CPU
		{E25F784B-60A3-4F6B-9199-EE64ED6EE370}.Ad-Hoc|iPhoneSimulator.ActiveCfg = Release|Any CPU
		{E25F784B-60A3-4F6B-9199-EE64ED6EE370}.Ad-Hoc|iPhoneSimulator.Build.0 = Release|Any CPU
		{E25F784B-60A3-4F6B-9199-EE64ED6EE370}.Ad-Hoc|x64.ActiveCfg = Release|Any CPU
		{E25F784B-60A3-4F6B-9199-EE64ED6EE370}.Ad-Hoc|x64.Build.0 = Release|Any CPU
		{E25F784B-60A3-4F6B-9199-EE64ED6EE370}.Ad-Hoc|x86.ActiveCfg = Release|Any CPU
		{E25F784B-60A3-4F6B-9199-EE64ED6EE370}.Ad-Hoc|x86.Build.0 = Release|Any CPU
		{E25F784B-60A3-4F6B-9199-EE64ED6EE370}.AppStore|Any CPU.ActiveCfg = Release|Any CPU
		{E25F784B-60A3-4F6B-9199-EE64ED6EE370}.AppStore|Any CPU.Build.0 = Release|Any CPU
		{E25F784B-60A3-4F6B-9199-EE64ED6EE370}.AppStore|ARM.ActiveCfg = Release|Any CPU
		{E25F784B-60A3-4F6B-9199-EE64ED6EE370}.AppStore|ARM.Build.0 = Release|Any CPU
		{E25F784B-60A3-4F6B-9199-EE64ED6EE370}.AppStore|iPhone.ActiveCfg = Release|Any CPU
		{E25F784B-60A3-4F6B-9199-EE64ED6EE370}.AppStore|iPhone.Build.0 = Release|Any CPU
		{E25F784B-60A3-4F6B-9199-EE64ED6EE370}.AppStore|iPhoneSimulator.ActiveCfg = Release|Any CPU
		{E25F784B-60A3-4F6B-9199-EE64ED6EE370}.AppStore|iPhoneSimulator.Build.0 = Release|Any CPU
		{E25F784B-60A3-4F6B-9199-EE64ED6EE370}.AppStore|x64.ActiveCfg = Release|Any CPU
		{E25F784B-60A3-4F6B-9199-EE64ED6EE370}.AppStore|x64.Build.0 = Release|Any CPU
		{E25F784B-60A3-4F6B-9199-EE64ED6EE370}.AppStore|x86.ActiveCfg = Release|Any CPU
		{E25F784B-60A3-4F6B-9199-EE64ED6EE370}.AppStore|x86.Build.0 = Release|Any CPU
		{E25F784B-60A3-4F6B-9199-EE64ED6EE370}.Debug|Any CPU.ActiveCfg = Debug|Any CPU
		{E25F784B-60A3-4F6B-9199-EE64ED6EE370}.Debug|Any CPU.Build.0 = Debug|Any CPU
		{E25F784B-60A3-4F6B-9199-EE64ED6EE370}.Debug|ARM.ActiveCfg = Debug|Any CPU
		{E25F784B-60A3-4F6B-9199-EE64ED6EE370}.Debug|ARM.Build.0 = Debug|Any CPU
		{E25F784B-60A3-4F6B-9199-EE64ED6EE370}.Debug|iPhone.ActiveCfg = Debug|Any CPU
		{E25F784B-60A3-4F6B-9199-EE64ED6EE370}.Debug|iPhone.Build.0 = Debug|Any CPU
		{E25F784B-60A3-4F6B-9199-EE64ED6EE370}.Debug|iPhoneSimulator.ActiveCfg = Debug|Any CPU
		{E25F784B-60A3-4F6B-9199-EE64ED6EE370}.Debug|iPhoneSimulator.Build.0 = Debug|Any CPU
		{E25F784B-60A3-4F6B-9199-EE64ED6EE370}.Debug|x64.ActiveCfg = Debug|Any CPU
		{E25F784B-60A3-4F6B-9199-EE64ED6EE370}.Debug|x64.Build.0 = Debug|Any CPU
		{E25F784B-60A3-4F6B-9199-EE64ED6EE370}.Debug|x86.ActiveCfg = Debug|Any CPU
		{E25F784B-60A3-4F6B-9199-EE64ED6EE370}.Debug|x86.Build.0 = Debug|Any CPU
		{E25F784B-60A3-4F6B-9199-EE64ED6EE370}.Release|Any CPU.ActiveCfg = Release|Any CPU
		{E25F784B-60A3-4F6B-9199-EE64ED6EE370}.Release|Any CPU.Build.0 = Release|Any CPU
		{E25F784B-60A3-4F6B-9199-EE64ED6EE370}.Release|ARM.ActiveCfg = Release|Any CPU
		{E25F784B-60A3-4F6B-9199-EE64ED6EE370}.Release|ARM.Build.0 = Release|Any CPU
		{E25F784B-60A3-4F6B-9199-EE64ED6EE370}.Release|iPhone.ActiveCfg = Release|Any CPU
		{E25F784B-60A3-4F6B-9199-EE64ED6EE370}.Release|iPhone.Build.0 = Release|Any CPU
		{E25F784B-60A3-4F6B-9199-EE64ED6EE370}.Release|iPhoneSimulator.ActiveCfg = Release|Any CPU
		{E25F784B-60A3-4F6B-9199-EE64ED6EE370}.Release|iPhoneSimulator.Build.0 = Release|Any CPU
		{E25F784B-60A3-4F6B-9199-EE64ED6EE370}.Release|x64.ActiveCfg = Release|Any CPU
		{E25F784B-60A3-4F6B-9199-EE64ED6EE370}.Release|x64.Build.0 = Release|Any CPU
		{E25F784B-60A3-4F6B-9199-EE64ED6EE370}.Release|x86.ActiveCfg = Release|Any CPU
		{E25F784B-60A3-4F6B-9199-EE64ED6EE370}.Release|x86.Build.0 = Release|Any CPU
		{D3C8850A-9FBF-49BB-A320-4653E5E36809}.Ad-Hoc|Any CPU.ActiveCfg = Release|Any CPU
		{D3C8850A-9FBF-49BB-A320-4653E5E36809}.Ad-Hoc|Any CPU.Build.0 = Release|Any CPU
		{D3C8850A-9FBF-49BB-A320-4653E5E36809}.Ad-Hoc|ARM.ActiveCfg = Release|Any CPU
		{D3C8850A-9FBF-49BB-A320-4653E5E36809}.Ad-Hoc|ARM.Build.0 = Release|Any CPU
		{D3C8850A-9FBF-49BB-A320-4653E5E36809}.Ad-Hoc|iPhone.ActiveCfg = Release|Any CPU
		{D3C8850A-9FBF-49BB-A320-4653E5E36809}.Ad-Hoc|iPhone.Build.0 = Release|Any CPU
		{D3C8850A-9FBF-49BB-A320-4653E5E36809}.Ad-Hoc|iPhoneSimulator.ActiveCfg = Release|Any CPU
		{D3C8850A-9FBF-49BB-A320-4653E5E36809}.Ad-Hoc|iPhoneSimulator.Build.0 = Release|Any CPU
		{D3C8850A-9FBF-49BB-A320-4653E5E36809}.Ad-Hoc|x64.ActiveCfg = Release|Any CPU
		{D3C8850A-9FBF-49BB-A320-4653E5E36809}.Ad-Hoc|x64.Build.0 = Release|Any CPU
		{D3C8850A-9FBF-49BB-A320-4653E5E36809}.Ad-Hoc|x86.ActiveCfg = Release|Any CPU
		{D3C8850A-9FBF-49BB-A320-4653E5E36809}.Ad-Hoc|x86.Build.0 = Release|Any CPU
		{D3C8850A-9FBF-49BB-A320-4653E5E36809}.AppStore|Any CPU.ActiveCfg = Release|Any CPU
		{D3C8850A-9FBF-49BB-A320-4653E5E36809}.AppStore|Any CPU.Build.0 = Release|Any CPU
		{D3C8850A-9FBF-49BB-A320-4653E5E36809}.AppStore|ARM.ActiveCfg = Release|Any CPU
		{D3C8850A-9FBF-49BB-A320-4653E5E36809}.AppStore|ARM.Build.0 = Release|Any CPU
		{D3C8850A-9FBF-49BB-A320-4653E5E36809}.AppStore|iPhone.ActiveCfg = Release|Any CPU
		{D3C8850A-9FBF-49BB-A320-4653E5E36809}.AppStore|iPhone.Build.0 = Release|Any CPU
		{D3C8850A-9FBF-49BB-A320-4653E5E36809}.AppStore|iPhoneSimulator.ActiveCfg = Release|Any CPU
		{D3C8850A-9FBF-49BB-A320-4653E5E36809}.AppStore|iPhoneSimulator.Build.0 = Release|Any CPU
		{D3C8850A-9FBF-49BB-A320-4653E5E36809}.AppStore|x64.ActiveCfg = Release|Any CPU
		{D3C8850A-9FBF-49BB-A320-4653E5E36809}.AppStore|x64.Build.0 = Release|Any CPU
		{D3C8850A-9FBF-49BB-A320-4653E5E36809}.AppStore|x86.ActiveCfg = Release|Any CPU
		{D3C8850A-9FBF-49BB-A320-4653E5E36809}.AppStore|x86.Build.0 = Release|Any CPU
		{D3C8850A-9FBF-49BB-A320-4653E5E36809}.Debug|Any CPU.ActiveCfg = Debug|Any CPU
		{D3C8850A-9FBF-49BB-A320-4653E5E36809}.Debug|Any CPU.Build.0 = Debug|Any CPU
		{D3C8850A-9FBF-49BB-A320-4653E5E36809}.Debug|Any CPU.Deploy.0 = Debug|Any CPU
		{D3C8850A-9FBF-49BB-A320-4653E5E36809}.Debug|ARM.ActiveCfg = Debug|Any CPU
		{D3C8850A-9FBF-49BB-A320-4653E5E36809}.Debug|ARM.Build.0 = Debug|Any CPU
		{D3C8850A-9FBF-49BB-A320-4653E5E36809}.Debug|iPhone.ActiveCfg = Debug|Any CPU
		{D3C8850A-9FBF-49BB-A320-4653E5E36809}.Debug|iPhone.Build.0 = Debug|Any CPU
		{D3C8850A-9FBF-49BB-A320-4653E5E36809}.Debug|iPhoneSimulator.ActiveCfg = Debug|Any CPU
		{D3C8850A-9FBF-49BB-A320-4653E5E36809}.Debug|iPhoneSimulator.Build.0 = Debug|Any CPU
		{D3C8850A-9FBF-49BB-A320-4653E5E36809}.Debug|x64.ActiveCfg = Debug|Any CPU
		{D3C8850A-9FBF-49BB-A320-4653E5E36809}.Debug|x64.Build.0 = Debug|Any CPU
		{D3C8850A-9FBF-49BB-A320-4653E5E36809}.Debug|x86.ActiveCfg = Debug|Any CPU
		{D3C8850A-9FBF-49BB-A320-4653E5E36809}.Debug|x86.Build.0 = Debug|Any CPU
		{D3C8850A-9FBF-49BB-A320-4653E5E36809}.Release|Any CPU.ActiveCfg = Release|Any CPU
		{D3C8850A-9FBF-49BB-A320-4653E5E36809}.Release|Any CPU.Build.0 = Release|Any CPU
		{D3C8850A-9FBF-49BB-A320-4653E5E36809}.Release|Any CPU.Deploy.0 = Release|Any CPU
		{D3C8850A-9FBF-49BB-A320-4653E5E36809}.Release|ARM.ActiveCfg = Release|Any CPU
		{D3C8850A-9FBF-49BB-A320-4653E5E36809}.Release|ARM.Build.0 = Release|Any CPU
		{D3C8850A-9FBF-49BB-A320-4653E5E36809}.Release|iPhone.ActiveCfg = Release|Any CPU
		{D3C8850A-9FBF-49BB-A320-4653E5E36809}.Release|iPhone.Build.0 = Release|Any CPU
		{D3C8850A-9FBF-49BB-A320-4653E5E36809}.Release|iPhoneSimulator.ActiveCfg = Release|Any CPU
		{D3C8850A-9FBF-49BB-A320-4653E5E36809}.Release|iPhoneSimulator.Build.0 = Release|Any CPU
		{D3C8850A-9FBF-49BB-A320-4653E5E36809}.Release|x64.ActiveCfg = Release|Any CPU
		{D3C8850A-9FBF-49BB-A320-4653E5E36809}.Release|x64.Build.0 = Release|Any CPU
		{D3C8850A-9FBF-49BB-A320-4653E5E36809}.Release|x86.ActiveCfg = Release|Any CPU
		{D3C8850A-9FBF-49BB-A320-4653E5E36809}.Release|x86.Build.0 = Release|Any CPU
		{70B9BEC2-67E9-4B85-A1B1-22653A66C3E1}.Ad-Hoc|Any CPU.ActiveCfg = Release|Any CPU
		{70B9BEC2-67E9-4B85-A1B1-22653A66C3E1}.Ad-Hoc|Any CPU.Build.0 = Release|Any CPU
		{70B9BEC2-67E9-4B85-A1B1-22653A66C3E1}.Ad-Hoc|ARM.ActiveCfg = Release|Any CPU
		{70B9BEC2-67E9-4B85-A1B1-22653A66C3E1}.Ad-Hoc|ARM.Build.0 = Release|Any CPU
		{70B9BEC2-67E9-4B85-A1B1-22653A66C3E1}.Ad-Hoc|iPhone.ActiveCfg = Release|Any CPU
		{70B9BEC2-67E9-4B85-A1B1-22653A66C3E1}.Ad-Hoc|iPhone.Build.0 = Release|Any CPU
		{70B9BEC2-67E9-4B85-A1B1-22653A66C3E1}.Ad-Hoc|iPhoneSimulator.ActiveCfg = Release|Any CPU
		{70B9BEC2-67E9-4B85-A1B1-22653A66C3E1}.Ad-Hoc|iPhoneSimulator.Build.0 = Release|Any CPU
		{70B9BEC2-67E9-4B85-A1B1-22653A66C3E1}.Ad-Hoc|x64.ActiveCfg = Release|Any CPU
		{70B9BEC2-67E9-4B85-A1B1-22653A66C3E1}.Ad-Hoc|x64.Build.0 = Release|Any CPU
		{70B9BEC2-67E9-4B85-A1B1-22653A66C3E1}.Ad-Hoc|x86.ActiveCfg = Release|Any CPU
		{70B9BEC2-67E9-4B85-A1B1-22653A66C3E1}.Ad-Hoc|x86.Build.0 = Release|Any CPU
		{70B9BEC2-67E9-4B85-A1B1-22653A66C3E1}.AppStore|Any CPU.ActiveCfg = Release|Any CPU
		{70B9BEC2-67E9-4B85-A1B1-22653A66C3E1}.AppStore|Any CPU.Build.0 = Release|Any CPU
		{70B9BEC2-67E9-4B85-A1B1-22653A66C3E1}.AppStore|ARM.ActiveCfg = Release|Any CPU
		{70B9BEC2-67E9-4B85-A1B1-22653A66C3E1}.AppStore|ARM.Build.0 = Release|Any CPU
		{70B9BEC2-67E9-4B85-A1B1-22653A66C3E1}.AppStore|iPhone.ActiveCfg = Release|Any CPU
		{70B9BEC2-67E9-4B85-A1B1-22653A66C3E1}.AppStore|iPhone.Build.0 = Release|Any CPU
		{70B9BEC2-67E9-4B85-A1B1-22653A66C3E1}.AppStore|iPhoneSimulator.ActiveCfg = Release|Any CPU
		{70B9BEC2-67E9-4B85-A1B1-22653A66C3E1}.AppStore|iPhoneSimulator.Build.0 = Release|Any CPU
		{70B9BEC2-67E9-4B85-A1B1-22653A66C3E1}.AppStore|x64.ActiveCfg = Release|Any CPU
		{70B9BEC2-67E9-4B85-A1B1-22653A66C3E1}.AppStore|x64.Build.0 = Release|Any CPU
		{70B9BEC2-67E9-4B85-A1B1-22653A66C3E1}.AppStore|x86.ActiveCfg = Release|Any CPU
		{70B9BEC2-67E9-4B85-A1B1-22653A66C3E1}.AppStore|x86.Build.0 = Release|Any CPU
		{70B9BEC2-67E9-4B85-A1B1-22653A66C3E1}.Debug|Any CPU.ActiveCfg = Debug|Any CPU
		{70B9BEC2-67E9-4B85-A1B1-22653A66C3E1}.Debug|Any CPU.Build.0 = Debug|Any CPU
		{70B9BEC2-67E9-4B85-A1B1-22653A66C3E1}.Debug|ARM.ActiveCfg = Debug|Any CPU
		{70B9BEC2-67E9-4B85-A1B1-22653A66C3E1}.Debug|ARM.Build.0 = Debug|Any CPU
		{70B9BEC2-67E9-4B85-A1B1-22653A66C3E1}.Debug|iPhone.ActiveCfg = Debug|Any CPU
		{70B9BEC2-67E9-4B85-A1B1-22653A66C3E1}.Debug|iPhone.Build.0 = Debug|Any CPU
		{70B9BEC2-67E9-4B85-A1B1-22653A66C3E1}.Debug|iPhoneSimulator.ActiveCfg = Debug|Any CPU
		{70B9BEC2-67E9-4B85-A1B1-22653A66C3E1}.Debug|iPhoneSimulator.Build.0 = Debug|Any CPU
		{70B9BEC2-67E9-4B85-A1B1-22653A66C3E1}.Debug|x64.ActiveCfg = Debug|Any CPU
		{70B9BEC2-67E9-4B85-A1B1-22653A66C3E1}.Debug|x64.Build.0 = Debug|Any CPU
		{70B9BEC2-67E9-4B85-A1B1-22653A66C3E1}.Debug|x86.ActiveCfg = Debug|Any CPU
		{70B9BEC2-67E9-4B85-A1B1-22653A66C3E1}.Debug|x86.Build.0 = Debug|Any CPU
		{70B9BEC2-67E9-4B85-A1B1-22653A66C3E1}.Release|Any CPU.ActiveCfg = Release|Any CPU
		{70B9BEC2-67E9-4B85-A1B1-22653A66C3E1}.Release|Any CPU.Build.0 = Release|Any CPU
		{70B9BEC2-67E9-4B85-A1B1-22653A66C3E1}.Release|ARM.ActiveCfg = Release|Any CPU
		{70B9BEC2-67E9-4B85-A1B1-22653A66C3E1}.Release|ARM.Build.0 = Release|Any CPU
		{70B9BEC2-67E9-4B85-A1B1-22653A66C3E1}.Release|iPhone.ActiveCfg = Release|Any CPU
		{70B9BEC2-67E9-4B85-A1B1-22653A66C3E1}.Release|iPhone.Build.0 = Release|Any CPU
		{70B9BEC2-67E9-4B85-A1B1-22653A66C3E1}.Release|iPhoneSimulator.ActiveCfg = Release|Any CPU
		{70B9BEC2-67E9-4B85-A1B1-22653A66C3E1}.Release|iPhoneSimulator.Build.0 = Release|Any CPU
		{70B9BEC2-67E9-4B85-A1B1-22653A66C3E1}.Release|x64.ActiveCfg = Release|Any CPU
		{70B9BEC2-67E9-4B85-A1B1-22653A66C3E1}.Release|x64.Build.0 = Release|Any CPU
		{70B9BEC2-67E9-4B85-A1B1-22653A66C3E1}.Release|x86.ActiveCfg = Release|Any CPU
		{70B9BEC2-67E9-4B85-A1B1-22653A66C3E1}.Release|x86.Build.0 = Release|Any CPU
		{DFE25288-0384-4FEC-A388-DBC7B537F316}.Ad-Hoc|Any CPU.ActiveCfg = Release|x64
		{DFE25288-0384-4FEC-A388-DBC7B537F316}.Ad-Hoc|Any CPU.Build.0 = Release|x64
		{DFE25288-0384-4FEC-A388-DBC7B537F316}.Ad-Hoc|Any CPU.Deploy.0 = Release|x64
		{DFE25288-0384-4FEC-A388-DBC7B537F316}.Ad-Hoc|ARM.ActiveCfg = Release|ARM
		{DFE25288-0384-4FEC-A388-DBC7B537F316}.Ad-Hoc|ARM.Build.0 = Release|ARM
		{DFE25288-0384-4FEC-A388-DBC7B537F316}.Ad-Hoc|ARM.Deploy.0 = Release|ARM
		{DFE25288-0384-4FEC-A388-DBC7B537F316}.Ad-Hoc|ARM64.ActiveCfg = Release|ARM64
		{DFE25288-0384-4FEC-A388-DBC7B537F316}.Ad-Hoc|ARM64.Build.0 = Release|ARM64
		{DFE25288-0384-4FEC-A388-DBC7B537F316}.Ad-Hoc|ARM64.Deploy.0 = Release|ARM64
		{DFE25288-0384-4FEC-A388-DBC7B537F316}.Ad-Hoc|iPhone.ActiveCfg = Release|x64
		{DFE25288-0384-4FEC-A388-DBC7B537F316}.Ad-Hoc|iPhone.Build.0 = Release|x64
		{DFE25288-0384-4FEC-A388-DBC7B537F316}.Ad-Hoc|iPhone.Deploy.0 = Release|x64
		{DFE25288-0384-4FEC-A388-DBC7B537F316}.Ad-Hoc|iPhoneSimulator.ActiveCfg = Release|x64
		{DFE25288-0384-4FEC-A388-DBC7B537F316}.Ad-Hoc|iPhoneSimulator.Build.0 = Release|x64
		{DFE25288-0384-4FEC-A388-DBC7B537F316}.Ad-Hoc|iPhoneSimulator.Deploy.0 = Release|x64
		{DFE25288-0384-4FEC-A388-DBC7B537F316}.Ad-Hoc|x64.ActiveCfg = Release|x64
		{DFE25288-0384-4FEC-A388-DBC7B537F316}.Ad-Hoc|x64.Build.0 = Release|x64
		{DFE25288-0384-4FEC-A388-DBC7B537F316}.Ad-Hoc|x64.Deploy.0 = Release|x64
		{DFE25288-0384-4FEC-A388-DBC7B537F316}.Ad-Hoc|x86.ActiveCfg = Release|x86
		{DFE25288-0384-4FEC-A388-DBC7B537F316}.Ad-Hoc|x86.Build.0 = Release|x86
		{DFE25288-0384-4FEC-A388-DBC7B537F316}.Ad-Hoc|x86.Deploy.0 = Release|x86
		{DFE25288-0384-4FEC-A388-DBC7B537F316}.AppStore|Any CPU.ActiveCfg = Release|x64
		{DFE25288-0384-4FEC-A388-DBC7B537F316}.AppStore|Any CPU.Build.0 = Release|x64
		{DFE25288-0384-4FEC-A388-DBC7B537F316}.AppStore|Any CPU.Deploy.0 = Release|x64
		{DFE25288-0384-4FEC-A388-DBC7B537F316}.AppStore|ARM.ActiveCfg = Release|ARM
		{DFE25288-0384-4FEC-A388-DBC7B537F316}.AppStore|ARM.Build.0 = Release|ARM
		{DFE25288-0384-4FEC-A388-DBC7B537F316}.AppStore|ARM.Deploy.0 = Release|ARM
		{DFE25288-0384-4FEC-A388-DBC7B537F316}.AppStore|ARM64.ActiveCfg = Release|ARM64
		{DFE25288-0384-4FEC-A388-DBC7B537F316}.AppStore|ARM64.Build.0 = Release|ARM64
		{DFE25288-0384-4FEC-A388-DBC7B537F316}.AppStore|ARM64.Deploy.0 = Release|ARM64
		{DFE25288-0384-4FEC-A388-DBC7B537F316}.AppStore|iPhone.ActiveCfg = Release|x64
		{DFE25288-0384-4FEC-A388-DBC7B537F316}.AppStore|iPhone.Build.0 = Release|x64
		{DFE25288-0384-4FEC-A388-DBC7B537F316}.AppStore|iPhone.Deploy.0 = Release|x64
		{DFE25288-0384-4FEC-A388-DBC7B537F316}.AppStore|iPhoneSimulator.ActiveCfg = Release|x64
		{DFE25288-0384-4FEC-A388-DBC7B537F316}.AppStore|iPhoneSimulator.Build.0 = Release|x64
		{DFE25288-0384-4FEC-A388-DBC7B537F316}.AppStore|iPhoneSimulator.Deploy.0 = Release|x64
		{DFE25288-0384-4FEC-A388-DBC7B537F316}.AppStore|x64.ActiveCfg = Release|x64
		{DFE25288-0384-4FEC-A388-DBC7B537F316}.AppStore|x64.Build.0 = Release|x64
		{DFE25288-0384-4FEC-A388-DBC7B537F316}.AppStore|x64.Deploy.0 = Release|x64
		{DFE25288-0384-4FEC-A388-DBC7B537F316}.AppStore|x86.ActiveCfg = Release|x86
		{DFE25288-0384-4FEC-A388-DBC7B537F316}.AppStore|x86.Build.0 = Release|x86
		{DFE25288-0384-4FEC-A388-DBC7B537F316}.AppStore|x86.Deploy.0 = Release|x86
		{DFE25288-0384-4FEC-A388-DBC7B537F316}.Debug|Any CPU.ActiveCfg = Debug|x86
		{DFE25288-0384-4FEC-A388-DBC7B537F316}.Debug|ARM.ActiveCfg = Debug|ARM
		{DFE25288-0384-4FEC-A388-DBC7B537F316}.Debug|ARM.Build.0 = Debug|ARM
		{DFE25288-0384-4FEC-A388-DBC7B537F316}.Debug|ARM.Deploy.0 = Debug|ARM
		{DFE25288-0384-4FEC-A388-DBC7B537F316}.Debug|ARM64.ActiveCfg = Debug|ARM64
		{DFE25288-0384-4FEC-A388-DBC7B537F316}.Debug|ARM64.Build.0 = Debug|ARM64
		{DFE25288-0384-4FEC-A388-DBC7B537F316}.Debug|ARM64.Deploy.0 = Debug|ARM64
		{DFE25288-0384-4FEC-A388-DBC7B537F316}.Debug|iPhone.ActiveCfg = Debug|x86
		{DFE25288-0384-4FEC-A388-DBC7B537F316}.Debug|iPhoneSimulator.ActiveCfg = Debug|x86
		{DFE25288-0384-4FEC-A388-DBC7B537F316}.Debug|x64.ActiveCfg = Debug|x64
		{DFE25288-0384-4FEC-A388-DBC7B537F316}.Debug|x64.Build.0 = Debug|x64
		{DFE25288-0384-4FEC-A388-DBC7B537F316}.Debug|x64.Deploy.0 = Debug|x64
		{DFE25288-0384-4FEC-A388-DBC7B537F316}.Debug|x86.ActiveCfg = Debug|x86
		{DFE25288-0384-4FEC-A388-DBC7B537F316}.Debug|x86.Build.0 = Debug|x86
		{DFE25288-0384-4FEC-A388-DBC7B537F316}.Debug|x86.Deploy.0 = Debug|x86
		{DFE25288-0384-4FEC-A388-DBC7B537F316}.Release|Any CPU.ActiveCfg = Release|x86
		{DFE25288-0384-4FEC-A388-DBC7B537F316}.Release|ARM.ActiveCfg = Release|ARM
		{DFE25288-0384-4FEC-A388-DBC7B537F316}.Release|ARM.Build.0 = Release|ARM
		{DFE25288-0384-4FEC-A388-DBC7B537F316}.Release|ARM.Deploy.0 = Release|ARM
		{DFE25288-0384-4FEC-A388-DBC7B537F316}.Release|ARM64.ActiveCfg = Release|ARM64
		{DFE25288-0384-4FEC-A388-DBC7B537F316}.Release|ARM64.Build.0 = Release|ARM64
		{DFE25288-0384-4FEC-A388-DBC7B537F316}.Release|ARM64.Deploy.0 = Release|ARM64
		{DFE25288-0384-4FEC-A388-DBC7B537F316}.Release|iPhone.ActiveCfg = Release|x86
		{DFE25288-0384-4FEC-A388-DBC7B537F316}.Release|iPhoneSimulator.ActiveCfg = Release|x86
		{DFE25288-0384-4FEC-A388-DBC7B537F316}.Release|x64.ActiveCfg = Release|x64
		{DFE25288-0384-4FEC-A388-DBC7B537F316}.Release|x64.Build.0 = Release|x64
		{DFE25288-0384-4FEC-A388-DBC7B537F316}.Release|x64.Deploy.0 = Release|x64
		{DFE25288-0384-4FEC-A388-DBC7B537F316}.Release|x86.ActiveCfg = Release|x86
		{DFE25288-0384-4FEC-A388-DBC7B537F316}.Release|x86.Build.0 = Release|x86
		{DFE25288-0384-4FEC-A388-DBC7B537F316}.Release|x86.Deploy.0 = Release|x86
	EndGlobalSection
	GlobalSection(SolutionProperties) = preSolution
		HideSolutionNode = FALSE
	EndGlobalSection
	GlobalSection(ExtensibilityGlobals) = postSolution
		SolutionGuid = {F6D05029-56B8-4E45-AF2D-0E76295DDBA2}
	EndGlobalSection
EndGlobal
